<?xml version="1.0" encoding="utf-8"?>
<Project ToolsVersion="4.0" xmlns="http://schemas.microsoft.com/developer/msbuild/2003">
  <ItemGroup>
    <Filter Include="소스 파일">
      <UniqueIdentifier>{4FC737F1-C7A5-4376-A066-2A32D752A2FF}</UniqueIdentifier>
      <Extensions>cpp;c;cc;cxx;c++;cppm;ixx;def;odl;idl;hpj;bat;asm;asmx</Extensions>
    </Filter>
    <Filter Include="헤더 파일">
      <UniqueIdentifier>{93995380-89BD-4b04-88EB-625FBE52EBFB}</UniqueIdentifier>
      <Extensions>h;hh;hpp;hxx;h++;hm;inl;inc;ipp;xsd</Extensions>
    </Filter>
    <Filter Include="리소스 파일">
      <UniqueIdentifier>{67DA6AB6-F800-4c08-8B7A-83BB121AAD01}</UniqueIdentifier>
      <Extensions>rc;ico;cur;bmp;dlg;rc2;rct;bin;rgs;gif;jpg;jpeg;jpe;resx;tiff;tif;png;wav;mfcribbon-ms</Extensions>
    </Filter>
  </ItemGroup>
  <ItemGroup>
    <ClInclude Include="framework.h">
      <Filter>헤더 파일</Filter>
    </ClInclude>
    <ClInclude Include="targetver.h">
      <Filter>헤더 파일</Filter>
    </ClInclude>
    <ClInclude Include="Resource.h">
      <Filter>헤더 파일</Filter>
    </ClInclude>
    <ClInclude Include="SSEngineDefault\SSContainer\CityHash.h">
      <Filter>헤더 파일</Filter>
    </ClInclude>
    <ClInclude Include="SSEngineDefault\SSContainer\FixedList.h">
      <Filter>헤더 파일</Filter>
    </ClInclude>
    <ClInclude Include="SSEngineDefault\SSContainer\PooledLinkedList.h">
      <Filter>헤더 파일</Filter>
    </ClInclude>
    <ClInclude Include="SSEngineDefault\SSContainer\PooledList.h">
      <Filter>헤더 파일</Filter>
    </ClInclude>
    <ClInclude Include="SSEngineDefault\SSContainer\SHasher.h">
      <Filter>헤더 파일</Filter>
    </ClInclude>
    <ClInclude Include="SSEngineDefault\SSContainer\SSUtilityContainer.h">
      <Filter>헤더 파일</Filter>
    </ClInclude>
    <ClInclude Include="SSEngineDefault\SSContainer\StringHashMapA.h">
      <Filter>헤더 파일</Filter>
    </ClInclude>
    <ClInclude Include="SSEngineDefault\SSDebugLogger.h">
      <Filter>헤더 파일</Filter>
    </ClInclude>
    <ClInclude Include="SSEngineDefault\SSEngineDefault.h">
      <Filter>헤더 파일</Filter>
    </ClInclude>
    <ClInclude Include="SSEngineDefault\SSFrameInfo.h">
      <Filter>헤더 파일</Filter>
    </ClInclude>
    <ClInclude Include="SSEngineDefault\SSInput.h">
      <Filter>헤더 파일</Filter>
    </ClInclude>
    <ClInclude Include="SSEngineDefault\SSNativeKeywords.h">
      <Filter>헤더 파일</Filter>
    </ClInclude>
    <ClInclude Include="SSEngineDefault\SSNativeTypes.h">
      <Filter>헤더 파일</Filter>
    </ClInclude>
    <ClInclude Include="SSEngineDefault\SSNonCopyable.h">
      <Filter>헤더 파일</Filter>
    </ClInclude>
    <ClInclude Include="SSEngineDefault\SSStaticMath.h">
      <Filter>헤더 파일</Filter>
    </ClInclude>
    <ClInclude Include="SSEngineDefault\SSUtilityMacros.h">
      <Filter>헤더 파일</Filter>
    </ClInclude>
    <ClInclude Include="SSEngineDefault\SSVector.h">
      <Filter>헤더 파일</Filter>
    </ClInclude>
    <ClInclude Include="SSEngineDefault\UtilityFunctions.h">
      <Filter>헤더 파일</Filter>
    </ClInclude>
    <ClInclude Include="SSRenderer\Public\SSRendererFactory.h">
      <Filter>헤더 파일</Filter>
    </ClInclude>
    <ClInclude Include="SSEngineDefault\SSEngineInlineSettings.h">
      <Filter>헤더 파일</Filter>
    </ClInclude>
    <ClInclude Include="SSRenderer\Public\RenderCommon\SSVertexType.h">
      <Filter>헤더 파일</Filter>
    </ClInclude>
    <ClInclude Include="SSRenderer\Public\RenderCommon\SSRendererInlineSettings.h">
      <Filter>헤더 파일</Filter>
    </ClInclude>
    <ClInclude Include="SSRenderer\Private\DX12\Renderer\SSDX12Renderer.h">
      <Filter>헤더 파일</Filter>
    </ClInclude>
    <ClInclude Include="SSRenderer\Public\RenderInterface\ISSRenderer.h">
      <Filter>헤더 파일</Filter>
    </ClInclude>
    <ClInclude Include="pch.h">
      <Filter>헤더 파일</Filter>
    </ClInclude>
    <ClInclude Include="SSBuildSettings.h">
      <Filter>헤더 파일</Filter>
    </ClInclude>
    <ClInclude Include="SSRenderer\Public\RenderInstance\SSRenderInstance.h">
      <Filter>헤더 파일</Filter>
    </ClInclude>
  </ItemGroup>
  <ItemGroup>
    <ClCompile Include="main.cpp">
      <Filter>소스 파일</Filter>
    </ClCompile>
    <ClCompile Include="SSEngineDefault\SSContainer\CityHash.cpp">
      <Filter>소스 파일</Filter>
    </ClCompile>
    <ClCompile Include="SSEngineDefault\SSContainer\SHasher.cpp">
      <Filter>소스 파일</Filter>
    </ClCompile>
    <ClCompile Include="SSEngineDefault\SSFrameInfo.cpp">
      <Filter>소스 파일</Filter>
    </ClCompile>
    <ClCompile Include="SSEngineDefault\SSInput.cpp">
      <Filter>소스 파일</Filter>
    </ClCompile>
    <ClCompile Include="SSEngineDefault\SSStaticMath.cpp">
      <Filter>소스 파일</Filter>
    </ClCompile>
    <ClCompile Include="SSEngineDefault\SSVector.cpp">
      <Filter>소스 파일</Filter>
    </ClCompile>
    <ClCompile Include="SSEngineDefault\UtilityFunctions.cpp">
      <Filter>소스 파일</Filter>
    </ClCompile>
    <ClCompile Include="SSRenderer\Public\SSRendererFactory.cpp">
      <Filter>소스 파일</Filter>
    </ClCompile>
    <ClCompile Include="SSRenderer\Private\DX12\Renderer\SSDX12Renderer.cpp">
      <Filter>소스 파일</Filter>
    </ClCompile>
    <ClCompile Include="SSRenderer\Public\RenderInterface\ISSRenderer.cpp">
      <Filter>소스 파일</Filter>
    </ClCompile>
    <ClCompile Include="SSRenderer\Public\RenderInstance\SSRenderInstance.cpp">
      <Filter>소스 파일</Filter>
    </ClCompile>
  </ItemGroup>
  <ItemGroup>
    <ResourceCompile Include="SSRenderer.rc">
      <Filter>리소스 파일</Filter>
    </ResourceCompile>
  </ItemGroup>
  <ItemGroup>
    <Image Include="small.ico">
      <Filter>리소스 파일</Filter>
    </Image>
    <Image Include="SSRenderer.ico">
      <Filter>리소스 파일</Filter>
    </Image>
  </ItemGroup>
  <ItemGroup>
    <None Include="packages.config" />
  </ItemGroup>
</Project>